// !$*UTF8*$!
{
	archiveVersion = 1;
	classes = {
	};
	objectVersion = 48;
	objects = {

/* Begin PBXBuildFile section */
		1F69E919064CD6A553C983CB /* Pods_pokedexApp.framework in Frameworks */ = {isa = PBXBuildFile; fileRef = 105667E07A96A13C06DC0EB7 /* Pods_pokedexApp.framework */; };
		2312365F200E2EAA007F328E /* PokemonDetailVC.swift in Sources */ = {isa = PBXBuildFile; fileRef = 2312365E200E2EAA007F328E /* PokemonDetailVC.swift */; };
		232FC4802003B75A000F7B22 /* pokemon.csv in Resources */ = {isa = PBXBuildFile; fileRef = 232FC47F2003B759000F7B22 /* pokemon.csv */; };
		232FC4832004DCEC000F7B22 /* Pokemon.swift in Sources */ = {isa = PBXBuildFile; fileRef = 232FC4822004DCEC000F7B22 /* Pokemon.swift */; };
		232FC4862004F48F000F7B22 /* PokeCell.swift in Sources */ = {isa = PBXBuildFile; fileRef = 232FC4852004F48F000F7B22 /* PokeCell.swift */; };
		23927C60200D23A0006C17F6 /* csv.swift in Sources */ = {isa = PBXBuildFile; fileRef = 23927C5F200D23A0006C17F6 /* csv.swift */; };
		23C7C51D2003AEFA008BE2DA /* AppDelegate.swift in Sources */ = {isa = PBXBuildFile; fileRef = 23C7C51C2003AEFA008BE2DA /* AppDelegate.swift */; };
		23C7C51F2003AEFA008BE2DA /* ViewController.swift in Sources */ = {isa = PBXBuildFile; fileRef = 23C7C51E2003AEFA008BE2DA /* ViewController.swift */; };
		23C7C5222003AEFA008BE2DA /* Main.storyboard in Resources */ = {isa = PBXBuildFile; fileRef = 23C7C5202003AEFA008BE2DA /* Main.storyboard */; };
		23C7C5242003AEFA008BE2DA /* Assets.xcassets in Resources */ = {isa = PBXBuildFile; fileRef = 23C7C5232003AEFA008BE2DA /* Assets.xcassets */; };
		23C7C5272003AEFA008BE2DA /* LaunchScreen.storyboard in Resources */ = {isa = PBXBuildFile; fileRef = 23C7C5252003AEFA008BE2DA /* LaunchScreen.storyboard */; };
		23E6893320122CCE0045B977 /* Constants.swift in Sources */ = {isa = PBXBuildFile; fileRef = 23E6893220122CCE0045B977 /* Constants.swift */; };
		23F3ADFF200D31A5007AC3F1 /* music.png in Resources */ = {isa = PBXBuildFile; fileRef = 23F3ADFE200D31A5007AC3F1 /* music.png */; };
		23F3AE03200D337E007AC3F1 /* music.mp3 in Resources */ = {isa = PBXBuildFile; fileRef = 23F3AE01200D337E007AC3F1 /* music.mp3 */; };
/* End PBXBuildFile section */

/* Begin PBXFileReference section */
		105667E07A96A13C06DC0EB7 /* Pods_pokedexApp.framework */ = {isa = PBXFileReference; explicitFileType = wrapper.framework; includeInIndex = 0; path = Pods_pokedexApp.framework; sourceTree = BUILT_PRODUCTS_DIR; };
		2312365E200E2EAA007F328E /* PokemonDetailVC.swift */ = {isa = PBXFileReference; lastKnownFileType = sourcecode.swift; path = PokemonDetailVC.swift; sourceTree = "<group>"; };
		232FC47F2003B759000F7B22 /* pokemon.csv */ = {isa = PBXFileReference; fileEncoding = 4; lastKnownFileType = text; path = pokemon.csv; sourceTree = "<group>"; };
		232FC4822004DCEC000F7B22 /* Pokemon.swift */ = {isa = PBXFileReference; lastKnownFileType = sourcecode.swift; path = Pokemon.swift; sourceTree = "<group>"; };
		232FC4852004F48F000F7B22 /* PokeCell.swift */ = {isa = PBXFileReference; lastKnownFileType = sourcecode.swift; path = PokeCell.swift; sourceTree = "<group>"; };
		23927C5F200D23A0006C17F6 /* csv.swift */ = {isa = PBXFileReference; fileEncoding = 4; lastKnownFileType = sourcecode.swift; path = csv.swift; sourceTree = "<group>"; };
		23C7C5192003AEFA008BE2DA /* pokedexApp.app */ = {isa = PBXFileReference; explicitFileType = wrapper.application; includeInIndex = 0; path = pokedexApp.app; sourceTree = BUILT_PRODUCTS_DIR; };
		23C7C51C2003AEFA008BE2DA /* AppDelegate.swift */ = {isa = PBXFileReference; lastKnownFileType = sourcecode.swift; path = AppDelegate.swift; sourceTree = "<group>"; };
		23C7C51E2003AEFA008BE2DA /* ViewController.swift */ = {isa = PBXFileReference; lastKnownFileType = sourcecode.swift; path = ViewController.swift; sourceTree = "<group>"; };
		23C7C5212003AEFA008BE2DA /* Base */ = {isa = PBXFileReference; lastKnownFileType = file.storyboard; name = Base; path = Base.lproj/Main.storyboard; sourceTree = "<group>"; };
		23C7C5232003AEFA008BE2DA /* Assets.xcassets */ = {isa = PBXFileReference; lastKnownFileType = folder.assetcatalog; path = Assets.xcassets; sourceTree = "<group>"; };
		23C7C5262003AEFA008BE2DA /* Base */ = {isa = PBXFileReference; lastKnownFileType = file.storyboard; name = Base; path = Base.lproj/LaunchScreen.storyboard; sourceTree = "<group>"; };
		23C7C5282003AEFA008BE2DA /* Info.plist */ = {isa = PBXFileReference; lastKnownFileType = text.plist.xml; path = Info.plist; sourceTree = "<group>"; };
		23E6893220122CCE0045B977 /* Constants.swift */ = {isa = PBXFileReference; lastKnownFileType = sourcecode.swift; path = Constants.swift; sourceTree = "<group>"; };
		23F3ADFE200D31A5007AC3F1 /* music.png */ = {isa = PBXFileReference; lastKnownFileType = image.png; path = music.png; sourceTree = "<group>"; };
		23F3AE01200D337E007AC3F1 /* music.mp3 */ = {isa = PBXFileReference; lastKnownFileType = audio.mp3; path = music.mp3; sourceTree = "<group>"; };
		5725E2001E89CEB650FFA108 /* Pods-pokedexApp.debug.xcconfig */ = {isa = PBXFileReference; includeInIndex = 1; lastKnownFileType = text.xcconfig; name = "Pods-pokedexApp.debug.xcconfig"; path = "Pods/Target Support Files/Pods-pokedexApp/Pods-pokedexApp.debug.xcconfig"; sourceTree = "<group>"; };
		96546A2E6D2C0000E3E589F4 /* Pods-pokedexApp.release.xcconfig */ = {isa = PBXFileReference; includeInIndex = 1; lastKnownFileType = text.xcconfig; name = "Pods-pokedexApp.release.xcconfig"; path = "Pods/Target Support Files/Pods-pokedexApp/Pods-pokedexApp.release.xcconfig"; sourceTree = "<group>"; };
/* End PBXFileReference section */

/* Begin PBXFrameworksBuildPhase section */
		23C7C5162003AEFA008BE2DA /* Frameworks */ = {
			isa = PBXFrameworksBuildPhase;
			buildActionMask = 2147483647;
			files = (
				1F69E919064CD6A553C983CB /* Pods_pokedexApp.framework in Frameworks */,
			);
			runOnlyForDeploymentPostprocessing = 0;
		};
/* End PBXFrameworksBuildPhase section */

/* Begin PBXGroup section */
		232FC4812004DCBE000F7B22 /* Model */ = {
			isa = PBXGroup;
			children = (
				232FC4822004DCEC000F7B22 /* Pokemon.swift */,
			);
			path = Model;
			sourceTree = "<group>";
		};
		232FC4842004F448000F7B22 /* View */ = {
			isa = PBXGroup;
			children = (
				232FC4852004F48F000F7B22 /* PokeCell.swift */,
			);
			path = View;
			sourceTree = "<group>";
		};
		23C7C5102003AEFA008BE2DA = {
			isa = PBXGroup;
			children = (
				23C7C51B2003AEFA008BE2DA /* pokedexApp */,
				23C7C51A2003AEFA008BE2DA /* Products */,
				26D94D71698F5F1C2FD781E7 /* Pods */,
				8270694CD4490D0ABCA919C1 /* Frameworks */,
			);
			sourceTree = "<group>";
		};
		23C7C51A2003AEFA008BE2DA /* Products */ = {
			isa = PBXGroup;
			children = (
				23C7C5192003AEFA008BE2DA /* pokedexApp.app */,
			);
			name = Products;
			sourceTree = "<group>";
		};
		23C7C51B2003AEFA008BE2DA /* pokedexApp */ = {
			isa = PBXGroup;
			children = (
				232FC4812004DCBE000F7B22 /* Model */,
				232FC4842004F448000F7B22 /* View */,
				23F3ADFB200D2F8F007AC3F1 /* Controller */,
				23C7C51C2003AEFA008BE2DA /* AppDelegate.swift */,
				23F3ADFC200D2FB5007AC3F1 /* Resources */,
				23C7C5202003AEFA008BE2DA /* Main.storyboard */,
				23F3ADFD200D2FF3007AC3F1 /* Util */,
				23C7C5232003AEFA008BE2DA /* Assets.xcassets */,
				23C7C5252003AEFA008BE2DA /* LaunchScreen.storyboard */,
				23C7C5282003AEFA008BE2DA /* Info.plist */,
			);
			path = pokedexApp;
			sourceTree = "<group>";
		};
		23F3ADFB200D2F8F007AC3F1 /* Controller */ = {
			isa = PBXGroup;
			children = (
				23C7C51E2003AEFA008BE2DA /* ViewController.swift */,
				2312365E200E2EAA007F328E /* PokemonDetailVC.swift */,
			);
			path = Controller;
			sourceTree = "<group>";
		};
		23F3ADFC200D2FB5007AC3F1 /* Resources */ = {
			isa = PBXGroup;
			children = (
				23F3AE01200D337E007AC3F1 /* music.mp3 */,
				23F3ADFE200D31A5007AC3F1 /* music.png */,
				232FC47F2003B759000F7B22 /* pokemon.csv */,
			);
			path = Resources;
			sourceTree = "<group>";
		};
		23F3ADFD200D2FF3007AC3F1 /* Util */ = {
			isa = PBXGroup;
			children = (
				23927C5F200D23A0006C17F6 /* csv.swift */,
				23E6893220122CCE0045B977 /* Constants.swift */,
			);
			path = Util;
			sourceTree = "<group>";
		};
		26D94D71698F5F1C2FD781E7 /* Pods */ = {
			isa = PBXGroup;
			children = (
				5725E2001E89CEB650FFA108 /* Pods-pokedexApp.debug.xcconfig */,
				96546A2E6D2C0000E3E589F4 /* Pods-pokedexApp.release.xcconfig */,
			);
			name = Pods;
			sourceTree = "<group>";
		};
		8270694CD4490D0ABCA919C1 /* Frameworks */ = {
			isa = PBXGroup;
			children = (
				105667E07A96A13C06DC0EB7 /* Pods_pokedexApp.framework */,
			);
			name = Frameworks;
			sourceTree = "<group>";
		};
/* End PBXGroup section */

/* Begin PBXNativeTarget section */
		23C7C5182003AEFA008BE2DA /* pokedexApp */ = {
			isa = PBXNativeTarget;
			buildConfigurationList = 23C7C52B2003AEFA008BE2DA /* Build configuration list for PBXNativeTarget "pokedexApp" */;
			buildPhases = (
				405A7D6299E44F79EDE8623D /* [CP] Check Pods Manifest.lock */,
				23C7C5152003AEFA008BE2DA /* Sources */,
				23C7C5162003AEFA008BE2DA /* Frameworks */,
				23C7C5172003AEFA008BE2DA /* Resources */,
				9401A877A3F5257A841504E1 /* [CP] Embed Pods Frameworks */,
				0F86E369379B2097849C16D9 /* [CP] Copy Pods Resources */,
			);
			buildRules = (
			);
			dependencies = (
			);
			name = pokedexApp;
			productName = pokedexApp;
			productReference = 23C7C5192003AEFA008BE2DA /* pokedexApp.app */;
			productType = "com.apple.product-type.application";
		};
/* End PBXNativeTarget section */

/* Begin PBXProject section */
		23C7C5112003AEFA008BE2DA /* Project object */ = {
			isa = PBXProject;
			attributes = {
				LastSwiftUpdateCheck = 0920;
				LastUpgradeCheck = 0920;
				ORGANIZATIONNAME = "Jakub Slawecki";
				TargetAttributes = {
					23C7C5182003AEFA008BE2DA = {
						CreatedOnToolsVersion = 9.2;
						ProvisioningStyle = Automatic;
					};
				};
			};
			buildConfigurationList = 23C7C5142003AEFA008BE2DA /* Build configuration list for PBXProject "pokedexApp" */;
			compatibilityVersion = "Xcode 8.0";
			developmentRegion = en;
			hasScannedForEncodings = 0;
			knownRegions = (
				en,
				Base,
			);
			mainGroup = 23C7C5102003AEFA008BE2DA;
			productRefGroup = 23C7C51A2003AEFA008BE2DA /* Products */;
			projectDirPath = "";
			projectRoot = "";
			targets = (
				23C7C5182003AEFA008BE2DA /* pokedexApp */,
			);
		};
/* End PBXProject section */

/* Begin PBXResourcesBuildPhase section */
		23C7C5172003AEFA008BE2DA /* Resources */ = {
			isa = PBXResourcesBuildPhase;
			buildActionMask = 2147483647;
			files = (
				23F3ADFF200D31A5007AC3F1 /* music.png in Resources */,
				23C7C5272003AEFA008BE2DA /* LaunchScreen.storyboard in Resources */,
				23C7C5242003AEFA008BE2DA /* Assets.xcassets in Resources */,
				232FC4802003B75A000F7B22 /* pokemon.csv in Resources */,
				23C7C5222003AEFA008BE2DA /* Main.storyboard in Resources */,
				23F3AE03200D337E007AC3F1 /* music.mp3 in Resources */,
			);
			runOnlyForDeploymentPostprocessing = 0;
		};
/* End PBXResourcesBuildPhase section */

/* Begin PBXShellScriptBuildPhase section */
		0F86E369379B2097849C16D9 /* [CP] Copy Pods Resources */ = {
			isa = PBXShellScriptBuildPhase;
			buildActionMask = 2147483647;
			files = (
			);
			inputPaths = (
			);
			name = "[CP] Copy Pods Resources";
			outputPaths = (
			);
			runOnlyForDeploymentPostprocessing = 0;
			shellPath = /bin/sh;
			shellScript = "\"${SRCROOT}/Pods/Target Support Files/Pods-pokedexApp/Pods-pokedexApp-resources.sh\"\n";
			showEnvVarsInLog = 0;
		};
		405A7D6299E44F79EDE8623D /* [CP] Check Pods Manifest.lock */ = {
			isa = PBXShellScriptBuildPhase;
			buildActionMask = 2147483647;
			files = (
			);
			inputPaths = (
				"${PODS_PODFILE_DIR_PATH}/Podfile.lock",
				"${PODS_ROOT}/Manifest.lock",
			);
			name = "[CP] Check Pods Manifest.lock";
			outputPaths = (
				"$(DERIVED_FILE_DIR)/Pods-pokedexApp-checkManifestLockResult.txt",
			);
			runOnlyForDeploymentPostprocessing = 0;
			shellPath = /bin/sh;
			shellScript = "diff \"${PODS_PODFILE_DIR_PATH}/Podfile.lock\" \"${PODS_ROOT}/Manifest.lock\" > /dev/null\nif [ $? != 0 ] ; then\n    # print error to STDERR\n    echo \"error: The sandbox is not in sync with the Podfile.lock. Run 'pod install' or update your CocoaPods installation.\" >&2\n    exit 1\nfi\n# This output is used by Xcode 'outputs' to avoid re-running this script phase.\necho \"SUCCESS\" > \"${SCRIPT_OUTPUT_FILE_0}\"\n";
			showEnvVarsInLog = 0;
		};
		9401A877A3F5257A841504E1 /* [CP] Embed Pods Frameworks */ = {
			isa = PBXShellScriptBuildPhase;
			buildActionMask = 2147483647;
			files = (
			);
			inputPaths = (
				"${SRCROOT}/Pods/Target Support Files/Pods-pokedexApp/Pods-pokedexApp-frameworks.sh",
				"${BUILT_PRODUCTS_DIR}/Alamofire/Alamofire.framework",
			);
			name = "[CP] Embed Pods Frameworks";
			outputPaths = (
				"${TARGET_BUILD_DIR}/${FRAMEWORKS_FOLDER_PATH}/Alamofire.framework",
			);
			runOnlyForDeploymentPostprocessing = 0;
			shellPath = /bin/sh;
			shellScript = "\"${SRCROOT}/Pods/Target Support Files/Pods-pokedexApp/Pods-pokedexApp-frameworks.sh\"\n";
			showEnvVarsInLog = 0;
		};
/* End PBXShellScriptBuildPhase section */

/* Begin PBXSourcesBuildPhase section */
		23C7C5152003AEFA008BE2DA /* Sources */ = {
			isa = PBXSourcesBuildPhase;
			buildActionMask = 2147483647;
			files = (
				232FC4862004F48F000F7B22 /* PokeCell.swift in Sources */,
				23C7C51F2003AEFA008BE2DA /* ViewController.swift in Sources */,
				23C7C51D2003AEFA008BE2DA /* AppDelegate.swift in Sources */,
				2312365F200E2EAA007F328E /* PokemonDetailVC.swift in Sources */,
				23E6893320122CCE0045B977 /* Constants.swift in Sources */,
				232FC4832004DCEC000F7B22 /* Pokemon.swift in Sources */,
				23927C60200D23A0006C17F6 /* csv.swift in Sources */,
			);
			runOnlyForDeploymentPostprocessing = 0;
		};
/* End PBXSourcesBuildPhase section */

/* Begin PBXVariantGroup section */
		23C7C5202003AEFA008BE2DA /* Main.storyboard */ = {
			isa = PBXVariantGroup;
			children = (
				23C7C5212003AEFA008BE2DA /* Base */,
			);
			name = Main.storyboard;
			sourceTree = "<group>";
		};
		23C7C5252003AEFA008BE2DA /* LaunchScreen.storyboard */ = {
			isa = PBXVariantGroup;
			children = (
				23C7C5262003AEFA008BE2DA /* Base */,
			);
			name = LaunchScreen.storyboard;
			sourceTree = "<group>";
		};
/* End PBXVariantGroup section */

/* Begin XCBuildConfiguration section */
		23C7C5292003AEFA008BE2DA /* Debug */ = {
			isa = XCBuildConfiguration;
			buildSettings = {
				ALWAYS_SEARCH_USER_PATHS = NO;
				CLANG_ANALYZER_NONNULL = YES;
				CLANG_ANALYZER_NUMBER_OBJECT_CONVERSION = YES_AGGRESSIVE;
				CLANG_CXX_LANGUAGE_STANDARD = "gnu++14";
				CLANG_CXX_LIBRARY = "libc++";
				CLANG_ENABLE_MODULES = YES;
				CLANG_ENABLE_OBJC_ARC = YES;
				CLANG_WARN_BLOCK_CAPTURE_AUTORELEASING = YES;
				CLANG_WARN_BOOL_CONVERSION = YES;
				CLANG_WARN_COMMA = YES;
				CLANG_WARN_CONSTANT_CONVERSION = YES;
				CLANG_WARN_DIRECT_OBJC_ISA_USAGE = YES_ERROR;
				CLANG_WARN_DOCUMENTATION_COMMENTS = YES;
				CLANG_WARN_EMPTY_BODY = YES;
				CLANG_WARN_ENUM_CONVERSION = YES;
				CLANG_WARN_INFINITE_RECURSION = YES;
				CLANG_WARN_INT_CONVERSION = YES;
				CLANG_WARN_NON_LITERAL_NULL_CONVERSION = YES;
				CLANG_WARN_OBJC_LITERAL_CONVERSION = YES;
				CLANG_WARN_OBJC_ROOT_CLASS = YES_ERROR;
				CLANG_WARN_RANGE_LOOP_ANALYSIS = YES;
				CLANG_WARN_STRICT_PROTOTYPES = YES;
				CLANG_WARN_SUSPICIOUS_MOVE = YES;
				CLANG_WARN_UNGUARDED_AVAILABILITY = YES_AGGRESSIVE;
				CLANG_WARN_UNREACHABLE_CODE = YES;
				CLANG_WARN__DUPLICATE_METHOD_MATCH = YES;
				CODE_SIGN_IDENTITY = "iPhone Developer";
				COPY_PHASE_STRIP = NO;
				DEBUG_INFORMATION_FORMAT = dwarf;
				ENABLE_STRICT_OBJC_MSGSEND = YES;
				ENABLE_TESTABILITY = YES;
				GCC_C_LANGUAGE_STANDARD = gnu11;
				GCC_DYNAMIC_NO_PIC = NO;
				GCC_NO_COMMON_BLOCKS = YES;
				GCC_OPTIMIZATION_LEVEL = 0;
				GCC_PREPROCESSOR_DEFINITIONS = (
					"DEBUG=1",
					"$(inherited)",
				);
				GCC_WARN_64_TO_32_BIT_CONVERSION = YES;
				GCC_WARN_ABOUT_RETURN_TYPE = YES_ERROR;
				GCC_WARN_UNDECLARED_SELECTOR = YES;
				GCC_WARN_UNINITIALIZED_AUTOS = YES_AGGRESSIVE;
				GCC_WARN_UNUSED_FUNCTION = YES;
				GCC_WARN_UNUSED_VARIABLE = YES;
				IPHONEOS_DEPLOYMENT_TARGET = 11.2;
				MTL_ENABLE_DEBUG_INFO = YES;
				ONLY_ACTIVE_ARCH = YES;
				SDKROOT = iphoneos;
				SWIFT_ACTIVE_COMPILATION_CONDITIONS = DEBUG;
				SWIFT_OPTIMIZATION_LEVEL = "-Onone";
			};
			name = Debug;
		};
		23C7C52A2003AEFA008BE2DA /* Release */ = {
			isa = XCBuildConfiguration;
			buildSettings = {
				ALWAYS_SEARCH_USER_PATHS = NO;
				CLANG_ANALYZER_NONNULL = YES;
				CLANG_ANALYZER_NUMBER_OBJECT_CONVERSION = YES_AGGRESSIVE;
				CLANG_CXX_LANGUAGE_STANDARD = "gnu++14";
				CLANG_CXX_LIBRARY = "libc++";
				CLANG_ENABLE_MODULES = YES;
				CLANG_ENABLE_OBJC_ARC = YES;
				CLANG_WARN_BLOCK_CAPTURE_AUTORELEASING = YES;
				CLANG_WARN_BOOL_CONVERSION = YES;
				CLANG_WARN_COMMA = YES;
				CLANG_WARN_CONSTANT_CONVERSION = YES;
				CLANG_WARN_DIRECT_OBJC_ISA_USAGE = YES_ERROR;
				CLANG_WARN_DOCUMENTATION_COMMENTS = YES;
				CLANG_WARN_EMPTY_BODY = YES;
				CLANG_WARN_ENUM_CONVERSION = YES;
				CLANG_WARN_INFINITE_RECURSION = YES;
				CLANG_WARN_INT_CONVERSION = YES;
				CLANG_WARN_NON_LITERAL_NULL_CONVERSION = YES;
				CLANG_WARN_OBJC_LITERAL_CONVERSION = YES;
				CLANG_WARN_OBJC_ROOT_CLASS = YES_ERROR;
				CLANG_WARN_RANGE_LOOP_ANALYSIS = YES;
				CLANG_WARN_STRICT_PROTOTYPES = YES;
				CLANG_WARN_SUSPICIOUS_MOVE = YES;
				CLANG_WARN_UNGUARDED_AVAILABILITY = YES_AGGRESSIVE;
				CLANG_WARN_UNREACHABLE_CODE = YES;
				CLANG_WARN__DUPLICATE_METHOD_MATCH = YES;
				CODE_SIGN_IDENTITY = "iPhone Developer";
				COPY_PHASE_STRIP = NO;
				DEBUG_INFORMATION_FORMAT = "dwarf-with-dsym";
				ENABLE_NS_ASSERTIONS = NO;
				ENABLE_STRICT_OBJC_MSGSEND = YES;
				GCC_C_LANGUAGE_STANDARD = gnu11;
				GCC_NO_COMMON_BLOCKS = YES;
				GCC_WARN_64_TO_32_BIT_CONVERSION = YES;
				GCC_WARN_ABOUT_RETURN_TYPE = YES_ERROR;
				GCC_WARN_UNDECLARED_SELECTOR = YES;
				GCC_WARN_UNINITIALIZED_AUTOS = YES_AGGRESSIVE;
				GCC_WARN_UNUSED_FUNCTION = YES;
				GCC_WARN_UNUSED_VARIABLE = YES;
				IPHONEOS_DEPLOYMENT_TARGET = 11.2;
				MTL_ENABLE_DEBUG_INFO = NO;
				SDKROOT = iphoneos;
				SWIFT_OPTIMIZATION_LEVEL = "-Owholemodule";
				VALIDATE_PRODUCT = YES;
			};
			name = Release;
		};
		23C7C52C2003AEFA008BE2DA /* Debug */ = {
			isa = XCBuildConfiguration;
			baseConfigurationReference = 5725E2001E89CEB650FFA108 /* Pods-pokedexApp.debug.xcconfig */;
			buildSettings = {
				ASSETCATALOG_COMPILER_APPICON_NAME = AppIcon;
				CODE_SIGN_STYLE = Automatic;
				DEVELOPMENT_TEAM = TNJ5QF4LT5;
				INFOPLIST_FILE = pokedexApp/Info.plist;
				LD_RUNPATH_SEARCH_PATHS = "$(inherited) @executable_path/Frameworks";
				PRODUCT_BUNDLE_IDENTIFIER = JS.pokedexApp;
				PRODUCT_NAME = "$(TARGET_NAME)";
				SWIFT_VERSION = 4.0;
				TARGETED_DEVICE_FAMILY = "1,2";
			};
			name = Debug;
		};
		23C7C52D2003AEFA008BE2DA /* Release */ = {
			isa = XCBuildConfiguration;
			baseConfigurationReference = 96546A2E6D2C0000E3E589F4 /* Pods-pokedexApp.release.xcconfig */;
			buildSettings = {
				ASSETCATALOG_COMPILER_APPICON_NAME = AppIcon;
				CODE_SIGN_STYLE = Automatic;
				DEVELOPMENT_TEAM = TNJ5QF4LT5;
				INFOPLIST_FILE = pokedexApp/Info.plist;
				LD_RUNPATH_SEARCH_PATHS = "$(inherited) @executable_path/Frameworks";
				PRODUCT_BUNDLE_IDENTIFIER = JS.pokedexApp;
				PRODUCT_NAME = "$(TARGET_NAME)";
				SWIFT_VERSION = 4.0;
				TARGETED_DEVICE_FAMILY = "1,2";
			};
			name = Release;
		};
/* End XCBuildConfiguration section */

/* Begin XCConfigurationList section */
		23C7C5142003AEFA008BE2DA /* Build configuration list for PBXProject "pokedexApp" */ = {
			isa = XCConfigurationList;
			buildConfigurations = (
				23C7C5292003AEFA008BE2DA /* Debug */,
				23C7C52A2003AEFA008BE2DA /* Release */,
			);
			defaultConfigurationIsVisible = 0;
			defaultConfigurationName = Release;
		};
		23C7C52B2003AEFA008BE2DA /* Build configuration list for PBXNativeTarget "pokedexApp" */ = {
			isa = XCConfigurationList;
			buildConfigurations = (
				23C7C52C2003AEFA008BE2DA /* Debug */,
				23C7C52D2003AEFA008BE2DA /* Release */,
			);
			defaultConfigurationIsVisible = 0;
			defaultConfigurationName = Release;
		};
/* End XCConfigurationList section */
	};
	rootObject = 23C7C5112003AEFA008BE2DA /* Project object */;
}
